
Microsoft Visual Studio Solution File, Format Version 12.00
# Visual Studio Version 16
VisualStudioVersion = 16.0.30517.126
MinimumVisualStudioVersion = 10.0.40219.1
Project("{9A19103F-16F7-4668-BE54-9A1E7A4F7556}") = "Сafeteria", "src\Cafeteria\Сafeteria.csproj", "{2F469E0E-754E-4B5C-94D6-A4088019D577}"
EndProject
Project("{9A19103F-16F7-4668-BE54-9A1E7A4F7556}") = "Сafeteria.DataModels", "src\Сafeteria.DataModels\Сafeteria.DataModels.csproj", "{C740607C-4F17-4025-A0DB-7FFED094BCAF}"
EndProject
Project("{9A19103F-16F7-4668-BE54-9A1E7A4F7556}") = "Cafeteria.DAL", "src\Cafeteria.DAL\Cafeteria.DAL.csproj", "{E37D5BEC-74D3-4832-8C23-4D69FB32ABEC}"
EndProject
Project("{9A19103F-16F7-4668-BE54-9A1E7A4F7556}") = "Сafeteria.Services", "src\Сafeteria.Services\Сafeteria.Services.csproj", "{7D726676-FF70-46D0-A46D-E54F74788145}"
EndProject
Project("{FAE04EC0-301F-11D3-BF4B-00C04F79EFBC}") = "Infrastructure", "src\Infrastructure\Infrastructure.csproj", "{41CFE2A4-3AD0-4BD0-8A46-9B8AB58B81E7}"
EndProject
Global
	GlobalSection(SolutionConfigurationPlatforms) = preSolution
		Debug|Any CPU = Debug|Any CPU
		Release|Any CPU = Release|Any CPU
	EndGlobalSection
	GlobalSection(ProjectConfigurationPlatforms) = postSolution
		{2F469E0E-754E-4B5C-94D6-A4088019D577}.Debug|Any CPU.ActiveCfg = Debug|Any CPU
		{2F469E0E-754E-4B5C-94D6-A4088019D577}.Debug|Any CPU.Build.0 = Debug|Any CPU
		{2F469E0E-754E-4B5C-94D6-A4088019D577}.Release|Any CPU.ActiveCfg = Release|Any CPU
		{2F469E0E-754E-4B5C-94D6-A4088019D577}.Release|Any CPU.Build.0 = Release|Any CPU
		{C740607C-4F17-4025-A0DB-7FFED094BCAF}.Debug|Any CPU.ActiveCfg = Debug|Any CPU
		{C740607C-4F17-4025-A0DB-7FFED094BCAF}.Debug|Any CPU.Build.0 = Debug|Any CPU
		{C740607C-4F17-4025-A0DB-7FFED094BCAF}.Release|Any CPU.ActiveCfg = Release|Any CPU
		{C740607C-4F17-4025-A0DB-7FFED094BCAF}.Release|Any CPU.Build.0 = Release|Any CPU
		{E37D5BEC-74D3-4832-8C23-4D69FB32ABEC}.Debug|Any CPU.ActiveCfg = Debug|Any CPU
		{E37D5BEC-74D3-4832-8C23-4D69FB32ABEC}.Debug|Any CPU.Build.0 = Debug|Any CPU
		{E37D5BEC-74D3-4832-8C23-4D69FB32ABEC}.Release|Any CPU.ActiveCfg = Release|Any CPU
		{E37D5BEC-74D3-4832-8C23-4D69FB32ABEC}.Release|Any CPU.Build.0 = Release|Any CPU
		{7D726676-FF70-46D0-A46D-E54F74788145}.Debug|Any CPU.ActiveCfg = Debug|Any CPU
		{7D726676-FF70-46D0-A46D-E54F74788145}.Debug|Any CPU.Build.0 = Debug|Any CPU
		{7D726676-FF70-46D0-A46D-E54F74788145}.Release|Any CPU.ActiveCfg = Release|Any CPU
		{7D726676-FF70-46D0-A46D-E54F74788145}.Release|Any CPU.Build.0 = Release|Any CPU
		{41CFE2A4-3AD0-4BD0-8A46-9B8AB58B81E7}.Debug|Any CPU.ActiveCfg = Debug|Any CPU
		{41CFE2A4-3AD0-4BD0-8A46-9B8AB58B81E7}.Debug|Any CPU.Build.0 = Debug|Any CPU
		{41CFE2A4-3AD0-4BD0-8A46-9B8AB58B81E7}.Release|Any CPU.ActiveCfg = Release|Any CPU
		{41CFE2A4-3AD0-4BD0-8A46-9B8AB58B81E7}.Release|Any CPU.Build.0 = Release|Any CPU
	EndGlobalSection
	GlobalSection(SolutionProperties) = preSolution
		HideSolutionNode = FALSE
	EndGlobalSection
	GlobalSection(ExtensibilityGlobals) = postSolution
		SolutionGuid = {DAC00583-2C46-436A-9D90-E90D581CC521}
	EndGlobalSection
EndGlobal
